hash: 9d185632a7c2821ec2fe50cd2b64b5c698a4238afefa299aeaf2b6896fc4130e
updated: 2018-03-01T18:28:20.470661-05:00
imports:
- name: github.com/dimorinny/twitch-chat-api
  version: 96f864820370b480e4395416852118f3cf9a537e
- name: github.com/fluffle/goirc
  version: fc1dfa1ceb8897bcaa5231b560b9319591d4ab0a
  subpackages:
  - client
  - logging
  - state
- name: github.com/go-ole/go-ole
  version: a1ec82a652ebc7e784d7df887cfb31061aeabbcc
  subpackages:
  - oleutil
- name: github.com/go-vgo/robotgo
  version: b8dcaaf0ad772ee35d9a093deab019bd1cc83456
  subpackages:
  - clipboard
- name: github.com/golang/mock
  version: 58cd061d09382b6011f84c1291ebe50ef2e25bab
  subpackages:
  - gomock
- name: github.com/shirou/gopsutil
  version: 5776ff9c7c5d063d574ef53d740f75c68b448e53
  subpackages:
  - cpu
  - host
  - internal/common
  - mem
  - net
  - process
- name: github.com/shirou/w32
  version: bb4de0191aa41b5507caa14b0650cdbddcd9280b
- name: github.com/Sirupsen/logrus
  version: f4ee69125072b22721efbe639bd0da9c9d19b8cc
- name: github.com/smartystreets/assertions
  version: 7678a5452ebea5b7090a6b163f844c133f523da2
  subpackages:
  - internal/go-render/render
  - internal/oglematchers
- name: github.com/smartystreets/goconvey
  version: 9e8dc3f972df6c8fcc0375ef492c24d0bb204857
  subpackages:
  - convey
  - convey/gotest
  - convey/reporting
- name: github.com/StackExchange/wmi
  version: 5d049714c4a64225c3c79a7cf7d02f7fb5b96338
- name: golang.org/x/crypto
  version: 91a49db82a88618983a78a06c1cbd4e00ab749ab
  subpackages:
  - ssh/terminal
- name: golang.org/x/net
  version: 22ae77b79946ea320088417e4d50825671d82d57
  subpackages:
  - context
  - proxy
- name: golang.org/x/sys
  version: f6cff0780e542efa0c8e864dc8fa522808f6a598
  subpackages:
  - unix
  - windows
testImports:
- name: github.com/gopherjs/gopherjs
  version: df18d38287ab2ed3138d564e7c8cbe4d5a249d87
  subpackages:
  - js
- name: github.com/jtolds/gls
  version: 77f18212c9c7edc9bd6a33d383a7b545ce62f064
